
Microsoft Visual Studio Solution File, Format Version 12.00
# Visual Studio Version 17
VisualStudioVersion = 17.4.33110.190
MinimumVisualStudioVersion = 10.0.40219.1
Project("{2150E333-8FDC-42A3-9474-1A3956D46DE8}") = "Modul002 Variablen Datentypen Konventierung Operatoren", "Modul002 Variablen Datentypen Konventierung Operatoren", "{2FA35E8E-C9C3-4499-AAFE-861D18845476}"
EndProject
Project("{9A19103F-16F7-4668-BE54-9A1E7A4F7556}") = "Modul002Demos", "Modul002Demos\Modul002Demos.csproj", "{89157B80-5792-4D73-A4FD-DA8112DB9D67}"
EndProject
Project("{9A19103F-16F7-4668-BE54-9A1E7A4F7556}") = "Modul002Demos_WithTopLevelStatement", "Modul002Demos_WithTopLevelStatement\Modul002Demos_WithTopLevelStatement.csproj", "{4D8924C1-19EB-414E-A163-DC814165BDBF}"
EndProject
Project("{2150E333-8FDC-42A3-9474-1A3956D46DE8}") = "Modul003_Arrays und Bedienungen", "Modul003_Arrays und Bedienungen", "{1C3ED69A-6C22-4FD3-ACAB-F5B0BCB77209}"
EndProject
Project("{9A19103F-16F7-4668-BE54-9A1E7A4F7556}") = "Modul003_Array_Conditions", "Modul003_Array_Conditions\Modul003_Array_Conditions.csproj", "{8E373554-261C-4F86-B019-C1A84FF76DF2}"
EndProject
Project("{2150E333-8FDC-42A3-9474-1A3956D46DE8}") = "Modul004_Schleifen_Enums", "Modul004_Schleifen_Enums", "{E6308C8D-0F19-4D7A-B89D-B6C92EE9FA4E}"
EndProject
Project("{9A19103F-16F7-4668-BE54-9A1E7A4F7556}") = "Modul004Demo", "Modul004Demo\Modul004Demo.csproj", "{AE9DAD21-9787-41D8-BC73-CF870C96A1B1}"
EndProject
Project("{9A19103F-16F7-4668-BE54-9A1E7A4F7556}") = "Modul004_Solution", "Modul004_Solution\Modul004_Solution.csproj", "{97F32AB7-728B-4D70-A9A8-562C4A877BA1}"
EndProject
Project("{2150E333-8FDC-42A3-9474-1A3956D46DE8}") = "Modul005_Funktionen", "Modul005_Funktionen", "{25963C47-0955-48BC-A976-0DCA7447CEDF}"
EndProject
Project("{9A19103F-16F7-4668-BE54-9A1E7A4F7556}") = "Modul005_Demo", "Modul005_Demo\Modul005_Demo.csproj", "{863117E8-0B48-43D7-AD70-02D674422154}"
EndProject
Project("{9A19103F-16F7-4668-BE54-9A1E7A4F7556}") = "Modul005_Solution", "Modul005_Solution\Modul005_Solution.csproj", "{AA462FAB-4747-41C6-85B5-C110432C0B3A}"
EndProject
Project("{2150E333-8FDC-42A3-9474-1A3956D46DE8}") = "Modul006_Namespace_Klassen_Felder_Eigentschaften", "Modul006_Namespace_Klassen_Felder_Eigentschaften", "{F4744795-A275-4BAB-9661-48835B2F310A}"
EndProject
Project("{9A19103F-16F7-4668-BE54-9A1E7A4F7556}") = "Modul006_Demo_Namspaces", "Modul006_Demo_Namspaces\Modul006_Demo_Namspaces.csproj", "{83BBA743-890C-4C41-8923-C3C5E382DB58}"
EndProject
Project("{9A19103F-16F7-4668-BE54-9A1E7A4F7556}") = "DrittanbieterDll", "DrittanbieterDll\DrittanbieterDll.csproj", "{2098B811-99CD-4804-A8D1-A701EE7A9DC1}"
EndProject
Project("{9A19103F-16F7-4668-BE54-9A1E7A4F7556}") = "Modul006_Demo_Klassen_Eigenschaften_Felder", "Modul006_Demo_Klassen_Eigenschaften_Felder\Modul006_Demo_Klassen_Eigenschaften_Felder.csproj", "{0FA99BDD-FB4F-49C5-A08B-18BDD2147AF0}"
EndProject
Project("{9A19103F-16F7-4668-BE54-9A1E7A4F7556}") = "Modul006_Solution", "Modul006_Solution\Modul006_Solution.csproj", "{FB546787-55E4-488A-A5C1-F9BB1A217DD3}"
EndProject
Project("{2150E333-8FDC-42A3-9474-1A3956D46DE8}") = "Modul007_Garbage Collection Statische Member Werte und Referenzen", "Modul007_Garbage Collection Statische Member Werte und Referenzen", "{E3C9C44E-34CB-4BE2-9C5D-BA7D9CA22B5A}"
EndProject
Project("{9A19103F-16F7-4668-BE54-9A1E7A4F7556}") = "Demo007", "Demo007\Demo007.csproj", "{90FBE002-71AD-4454-99CF-5569451AC52D}"
EndProject
Project("{2150E333-8FDC-42A3-9474-1A3956D46DE8}") = "BenchmarkTest", "BenchmarkTest", "{50B4EC8D-7841-450E-8EF5-78B124F93675}"
EndProject
Project("{9A19103F-16F7-4668-BE54-9A1E7A4F7556}") = "StringBuilderBenchmarkDemo", "StringBuilderBenchmarkDemo\StringBuilderBenchmarkDemo.csproj", "{386DE17A-6109-4771-94B5-3A9F97372C64}"
EndProject
Project("{FAE04EC0-301F-11D3-BF4B-00C04F79EFBC}") = "Modul007_LabSolution", "Modul007_LabSolution\Modul007_LabSolution.csproj", "{70DDFAD0-67B1-430C-94EA-6AE3890BDE9C}"
EndProject
Project("{2150E333-8FDC-42A3-9474-1A3956D46DE8}") = "Modul008_Vererbung", "Modul008_Vererbung", "{F0BB2BBC-052A-4932-89AF-EF24A96B7F30}"
EndProject
Project("{FAE04EC0-301F-11D3-BF4B-00C04F79EFBC}") = "Modul008_Demo", "Modul008_Demo\Modul008_Demo.csproj", "{D9592DEA-549D-46A7-BCB7-075B79021120}"
EndProject
Project("{FAE04EC0-301F-11D3-BF4B-00C04F79EFBC}") = "Modul008_Demo_VirtualOverrideSample", "Modul008_Demo_VirtualOverrideSample\Modul008_Demo_VirtualOverrideSample.csproj", "{522CF78E-DEFE-4688-9431-E4BA6B097483}"
EndProject
Project("{FAE04EC0-301F-11D3-BF4B-00C04F79EFBC}") = "Modul008_Demo_AbstractOverrideSample", "Modul008_Demo_AbstractOverrideSample\Modul008_Demo_AbstractOverrideSample.csproj", "{E2303F67-BABF-41F1-803C-7E7F9C81B7AB}"
EndProject
Project("{FAE04EC0-301F-11D3-BF4B-00C04F79EFBC}") = "Modul008_LabSolution", "Modul008_LabSolution\Modul008_LabSolution.csproj", "{02696978-FD74-439F-85C0-6F8181B2C12B}"
EndProject
Project("{2150E333-8FDC-42A3-9474-1A3956D46DE8}") = "Modul009_Polymorphie", "Modul009_Polymorphie", "{32B8A840-8423-4F3D-B76A-21EF052C5295}"
EndProject
Project("{FAE04EC0-301F-11D3-BF4B-00C04F79EFBC}") = "Modul009_Demo", "Modul009_Demo\Modul009_Demo.csproj", "{B42F3554-62EC-4033-817E-20ED561AD646}"
EndProject
Project("{2150E333-8FDC-42A3-9474-1A3956D46DE8}") = "Modul010_Interfaces", "Modul010_Interfaces", "{8DADDB59-3106-4FED-B89C-98768E573CCE}"
EndProject
Project("{FAE04EC0-301F-11D3-BF4B-00C04F79EFBC}") = "Modul010_Demo", "Modul010_Demo\Modul010_Demo.csproj", "{DE36C8BC-C892-4CEE-B379-A97AFFAA3B8E}"
EndProject
Global
	GlobalSection(SolutionConfigurationPlatforms) = preSolution
		Debug|Any CPU = Debug|Any CPU
		Release|Any CPU = Release|Any CPU
	EndGlobalSection
	GlobalSection(ProjectConfigurationPlatforms) = postSolution
		{89157B80-5792-4D73-A4FD-DA8112DB9D67}.Debug|Any CPU.ActiveCfg = Debug|Any CPU
		{89157B80-5792-4D73-A4FD-DA8112DB9D67}.Debug|Any CPU.Build.0 = Debug|Any CPU
		{89157B80-5792-4D73-A4FD-DA8112DB9D67}.Release|Any CPU.ActiveCfg = Release|Any CPU
		{89157B80-5792-4D73-A4FD-DA8112DB9D67}.Release|Any CPU.Build.0 = Release|Any CPU
		{4D8924C1-19EB-414E-A163-DC814165BDBF}.Debug|Any CPU.ActiveCfg = Debug|Any CPU
		{4D8924C1-19EB-414E-A163-DC814165BDBF}.Debug|Any CPU.Build.0 = Debug|Any CPU
		{4D8924C1-19EB-414E-A163-DC814165BDBF}.Release|Any CPU.ActiveCfg = Release|Any CPU
		{4D8924C1-19EB-414E-A163-DC814165BDBF}.Release|Any CPU.Build.0 = Release|Any CPU
		{8E373554-261C-4F86-B019-C1A84FF76DF2}.Debug|Any CPU.ActiveCfg = Debug|Any CPU
		{8E373554-261C-4F86-B019-C1A84FF76DF2}.Debug|Any CPU.Build.0 = Debug|Any CPU
		{8E373554-261C-4F86-B019-C1A84FF76DF2}.Release|Any CPU.ActiveCfg = Release|Any CPU
		{8E373554-261C-4F86-B019-C1A84FF76DF2}.Release|Any CPU.Build.0 = Release|Any CPU
		{AE9DAD21-9787-41D8-BC73-CF870C96A1B1}.Debug|Any CPU.ActiveCfg = Debug|Any CPU
		{AE9DAD21-9787-41D8-BC73-CF870C96A1B1}.Debug|Any CPU.Build.0 = Debug|Any CPU
		{AE9DAD21-9787-41D8-BC73-CF870C96A1B1}.Release|Any CPU.ActiveCfg = Release|Any CPU
		{AE9DAD21-9787-41D8-BC73-CF870C96A1B1}.Release|Any CPU.Build.0 = Release|Any CPU
		{97F32AB7-728B-4D70-A9A8-562C4A877BA1}.Debug|Any CPU.ActiveCfg = Debug|Any CPU
		{97F32AB7-728B-4D70-A9A8-562C4A877BA1}.Debug|Any CPU.Build.0 = Debug|Any CPU
		{97F32AB7-728B-4D70-A9A8-562C4A877BA1}.Release|Any CPU.ActiveCfg = Release|Any CPU
		{97F32AB7-728B-4D70-A9A8-562C4A877BA1}.Release|Any CPU.Build.0 = Release|Any CPU
		{863117E8-0B48-43D7-AD70-02D674422154}.Debug|Any CPU.ActiveCfg = Debug|Any CPU
		{863117E8-0B48-43D7-AD70-02D674422154}.Debug|Any CPU.Build.0 = Debug|Any CPU
		{863117E8-0B48-43D7-AD70-02D674422154}.Release|Any CPU.ActiveCfg = Release|Any CPU
		{863117E8-0B48-43D7-AD70-02D674422154}.Release|Any CPU.Build.0 = Release|Any CPU
		{AA462FAB-4747-41C6-85B5-C110432C0B3A}.Debug|Any CPU.ActiveCfg = Debug|Any CPU
		{AA462FAB-4747-41C6-85B5-C110432C0B3A}.Debug|Any CPU.Build.0 = Debug|Any CPU
		{AA462FAB-4747-41C6-85B5-C110432C0B3A}.Release|Any CPU.ActiveCfg = Release|Any CPU
		{AA462FAB-4747-41C6-85B5-C110432C0B3A}.Release|Any CPU.Build.0 = Release|Any CPU
		{83BBA743-890C-4C41-8923-C3C5E382DB58}.Debug|Any CPU.ActiveCfg = Debug|Any CPU
		{83BBA743-890C-4C41-8923-C3C5E382DB58}.Debug|Any CPU.Build.0 = Debug|Any CPU
		{83BBA743-890C-4C41-8923-C3C5E382DB58}.Release|Any CPU.ActiveCfg = Release|Any CPU
		{83BBA743-890C-4C41-8923-C3C5E382DB58}.Release|Any CPU.Build.0 = Release|Any CPU
		{2098B811-99CD-4804-A8D1-A701EE7A9DC1}.Debug|Any CPU.ActiveCfg = Debug|Any CPU
		{2098B811-99CD-4804-A8D1-A701EE7A9DC1}.Debug|Any CPU.Build.0 = Debug|Any CPU
		{2098B811-99CD-4804-A8D1-A701EE7A9DC1}.Release|Any CPU.ActiveCfg = Release|Any CPU
		{2098B811-99CD-4804-A8D1-A701EE7A9DC1}.Release|Any CPU.Build.0 = Release|Any CPU
		{0FA99BDD-FB4F-49C5-A08B-18BDD2147AF0}.Debug|Any CPU.ActiveCfg = Debug|Any CPU
		{0FA99BDD-FB4F-49C5-A08B-18BDD2147AF0}.Debug|Any CPU.Build.0 = Debug|Any CPU
		{0FA99BDD-FB4F-49C5-A08B-18BDD2147AF0}.Release|Any CPU.ActiveCfg = Release|Any CPU
		{0FA99BDD-FB4F-49C5-A08B-18BDD2147AF0}.Release|Any CPU.Build.0 = Release|Any CPU
		{FB546787-55E4-488A-A5C1-F9BB1A217DD3}.Debug|Any CPU.ActiveCfg = Debug|Any CPU
		{FB546787-55E4-488A-A5C1-F9BB1A217DD3}.Debug|Any CPU.Build.0 = Debug|Any CPU
		{FB546787-55E4-488A-A5C1-F9BB1A217DD3}.Release|Any CPU.ActiveCfg = Release|Any CPU
		{FB546787-55E4-488A-A5C1-F9BB1A217DD3}.Release|Any CPU.Build.0 = Release|Any CPU
		{90FBE002-71AD-4454-99CF-5569451AC52D}.Debug|Any CPU.ActiveCfg = Debug|Any CPU
		{90FBE002-71AD-4454-99CF-5569451AC52D}.Debug|Any CPU.Build.0 = Debug|Any CPU
		{90FBE002-71AD-4454-99CF-5569451AC52D}.Release|Any CPU.ActiveCfg = Release|Any CPU
		{90FBE002-71AD-4454-99CF-5569451AC52D}.Release|Any CPU.Build.0 = Release|Any CPU
		{386DE17A-6109-4771-94B5-3A9F97372C64}.Debug|Any CPU.ActiveCfg = Debug|Any CPU
		{386DE17A-6109-4771-94B5-3A9F97372C64}.Debug|Any CPU.Build.0 = Debug|Any CPU
		{386DE17A-6109-4771-94B5-3A9F97372C64}.Release|Any CPU.ActiveCfg = Release|Any CPU
		{386DE17A-6109-4771-94B5-3A9F97372C64}.Release|Any CPU.Build.0 = Release|Any CPU
		{70DDFAD0-67B1-430C-94EA-6AE3890BDE9C}.Debug|Any CPU.ActiveCfg = Debug|Any CPU
		{70DDFAD0-67B1-430C-94EA-6AE3890BDE9C}.Debug|Any CPU.Build.0 = Debug|Any CPU
		{70DDFAD0-67B1-430C-94EA-6AE3890BDE9C}.Release|Any CPU.ActiveCfg = Release|Any CPU
		{70DDFAD0-67B1-430C-94EA-6AE3890BDE9C}.Release|Any CPU.Build.0 = Release|Any CPU
		{D9592DEA-549D-46A7-BCB7-075B79021120}.Debug|Any CPU.ActiveCfg = Debug|Any CPU
		{D9592DEA-549D-46A7-BCB7-075B79021120}.Debug|Any CPU.Build.0 = Debug|Any CPU
		{D9592DEA-549D-46A7-BCB7-075B79021120}.Release|Any CPU.ActiveCfg = Release|Any CPU
		{D9592DEA-549D-46A7-BCB7-075B79021120}.Release|Any CPU.Build.0 = Release|Any CPU
		{522CF78E-DEFE-4688-9431-E4BA6B097483}.Debug|Any CPU.ActiveCfg = Debug|Any CPU
		{522CF78E-DEFE-4688-9431-E4BA6B097483}.Debug|Any CPU.Build.0 = Debug|Any CPU
		{522CF78E-DEFE-4688-9431-E4BA6B097483}.Release|Any CPU.ActiveCfg = Release|Any CPU
		{522CF78E-DEFE-4688-9431-E4BA6B097483}.Release|Any CPU.Build.0 = Release|Any CPU
		{E2303F67-BABF-41F1-803C-7E7F9C81B7AB}.Debug|Any CPU.ActiveCfg = Debug|Any CPU
		{E2303F67-BABF-41F1-803C-7E7F9C81B7AB}.Debug|Any CPU.Build.0 = Debug|Any CPU
		{E2303F67-BABF-41F1-803C-7E7F9C81B7AB}.Release|Any CPU.ActiveCfg = Release|Any CPU
		{E2303F67-BABF-41F1-803C-7E7F9C81B7AB}.Release|Any CPU.Build.0 = Release|Any CPU
		{02696978-FD74-439F-85C0-6F8181B2C12B}.Debug|Any CPU.ActiveCfg = Debug|Any CPU
		{02696978-FD74-439F-85C0-6F8181B2C12B}.Debug|Any CPU.Build.0 = Debug|Any CPU
		{02696978-FD74-439F-85C0-6F8181B2C12B}.Release|Any CPU.ActiveCfg = Release|Any CPU
		{02696978-FD74-439F-85C0-6F8181B2C12B}.Release|Any CPU.Build.0 = Release|Any CPU
		{B42F3554-62EC-4033-817E-20ED561AD646}.Debug|Any CPU.ActiveCfg = Debug|Any CPU
		{B42F3554-62EC-4033-817E-20ED561AD646}.Debug|Any CPU.Build.0 = Debug|Any CPU
		{B42F3554-62EC-4033-817E-20ED561AD646}.Release|Any CPU.ActiveCfg = Release|Any CPU
		{B42F3554-62EC-4033-817E-20ED561AD646}.Release|Any CPU.Build.0 = Release|Any CPU
		{DE36C8BC-C892-4CEE-B379-A97AFFAA3B8E}.Debug|Any CPU.ActiveCfg = Debug|Any CPU
		{DE36C8BC-C892-4CEE-B379-A97AFFAA3B8E}.Debug|Any CPU.Build.0 = Debug|Any CPU
		{DE36C8BC-C892-4CEE-B379-A97AFFAA3B8E}.Release|Any CPU.ActiveCfg = Release|Any CPU
		{DE36C8BC-C892-4CEE-B379-A97AFFAA3B8E}.Release|Any CPU.Build.0 = Release|Any CPU
	EndGlobalSection
	GlobalSection(SolutionProperties) = preSolution
		HideSolutionNode = FALSE
	EndGlobalSection
	GlobalSection(NestedProjects) = preSolution
		{89157B80-5792-4D73-A4FD-DA8112DB9D67} = {2FA35E8E-C9C3-4499-AAFE-861D18845476}
		{4D8924C1-19EB-414E-A163-DC814165BDBF} = {2FA35E8E-C9C3-4499-AAFE-861D18845476}
		{8E373554-261C-4F86-B019-C1A84FF76DF2} = {1C3ED69A-6C22-4FD3-ACAB-F5B0BCB77209}
		{AE9DAD21-9787-41D8-BC73-CF870C96A1B1} = {E6308C8D-0F19-4D7A-B89D-B6C92EE9FA4E}
		{97F32AB7-728B-4D70-A9A8-562C4A877BA1} = {E6308C8D-0F19-4D7A-B89D-B6C92EE9FA4E}
		{863117E8-0B48-43D7-AD70-02D674422154} = {25963C47-0955-48BC-A976-0DCA7447CEDF}
		{AA462FAB-4747-41C6-85B5-C110432C0B3A} = {25963C47-0955-48BC-A976-0DCA7447CEDF}
		{83BBA743-890C-4C41-8923-C3C5E382DB58} = {F4744795-A275-4BAB-9661-48835B2F310A}
		{2098B811-99CD-4804-A8D1-A701EE7A9DC1} = {F4744795-A275-4BAB-9661-48835B2F310A}
		{0FA99BDD-FB4F-49C5-A08B-18BDD2147AF0} = {F4744795-A275-4BAB-9661-48835B2F310A}
		{FB546787-55E4-488A-A5C1-F9BB1A217DD3} = {F4744795-A275-4BAB-9661-48835B2F310A}
		{90FBE002-71AD-4454-99CF-5569451AC52D} = {E3C9C44E-34CB-4BE2-9C5D-BA7D9CA22B5A}
		{386DE17A-6109-4771-94B5-3A9F97372C64} = {50B4EC8D-7841-450E-8EF5-78B124F93675}
		{70DDFAD0-67B1-430C-94EA-6AE3890BDE9C} = {E3C9C44E-34CB-4BE2-9C5D-BA7D9CA22B5A}
		{D9592DEA-549D-46A7-BCB7-075B79021120} = {F0BB2BBC-052A-4932-89AF-EF24A96B7F30}
		{522CF78E-DEFE-4688-9431-E4BA6B097483} = {F0BB2BBC-052A-4932-89AF-EF24A96B7F30}
		{E2303F67-BABF-41F1-803C-7E7F9C81B7AB} = {F0BB2BBC-052A-4932-89AF-EF24A96B7F30}
		{02696978-FD74-439F-85C0-6F8181B2C12B} = {F0BB2BBC-052A-4932-89AF-EF24A96B7F30}
		{B42F3554-62EC-4033-817E-20ED561AD646} = {32B8A840-8423-4F3D-B76A-21EF052C5295}
		{DE36C8BC-C892-4CEE-B379-A97AFFAA3B8E} = {8DADDB59-3106-4FED-B89C-98768E573CCE}
	EndGlobalSection
	GlobalSection(ExtensibilityGlobals) = postSolution
		SolutionGuid = {21CE749A-EA67-4BB2-8A1C-064BA647A26C}
	EndGlobalSection
EndGlobal
